github.com/hugorosario/govueloader v0.0.1 h1:rr36kmj5BBmcM9fK0XXswt/n8YCc+mJgsxnobx6Jmt0=
github.com/hugorosario/govueloader v0.0.1/go.mod h1:1T3A9xAk55NvctjiG2zHTG6M7vmBxd/NS2QLVa3XlT4=
github.com/hugorosario/govueloader v0.0.3 h1:YV2IlnR4moKXJAPgi6AcqHnERGVASl8YqjoT8gL/lUk=
github.com/hugorosario/govueloader v0.0.3/go.mod h1:1T3A9xAk55NvctjiG2zHTG6M7vmBxd/NS2QLVa3XlT4=
